{
  "name": "bh-briet-marketplace",
  "lockfileVersion": 2,
  "requires": true,
  "packages": {
    "": {
      "dependencies": {
        "opds": "^2.0.0"
      },
      "devDependencies": {
        "sanity": "^2.29.3"
      }
    },
    "node_modules/debug": {
      "version": "2.6.9",
      "resolved": "https://registry.npmjs.org/debug/-/debug-2.6.9.tgz",
      "integrity": "sha512-bC7ElrdJaJnPbAP+1EotYvqZsb3ecl5wi6Bfi6BJTUcNowp6cvspg0jXznRTKDjm/E7AdgFBVeAPVMNcKGsHMA==",
      "dependencies": {
        "ms": "2.0.0"
      }
    },
    "node_modules/lodash-node": {
      "version": "2.4.1",
      "resolved": "https://registry.npmjs.org/lodash-node/-/lodash-node-2.4.1.tgz",
      "integrity": "sha512-egEt8eNQp2kZWRmngahiqMoDCDCENv3uM188S7Ed5t4k3v6RrLELXC+FqLNMUnhCo7gvQX3G1V8opK/Lcslahg==",
      "deprecated": "This package is discontinued. Use lodash@^4.0.0."
    },
    "node_modules/ms": {
      "version": "2.0.0",
      "resolved": "https://registry.npmjs.org/ms/-/ms-2.0.0.tgz",
      "integrity": "sha512-Tpp60P6IUJDTuOq/5Z8cdskzJujfwqfOTkrwIwj7IRISpnkJnT6SyJ4PCPnGMoFjC9ddhal5KVIYtAt97ix05A=="
    },
    "node_modules/opds": {
      "version": "2.0.0",
      "resolved": "https://registry.npmjs.org/opds/-/opds-2.0.0.tgz",
      "integrity": "sha512-YhgVxr6wXwpKGFGj9gpmgfUd8ULdXCy4TCOjSs2cxVimj4xfiJaGUcRu0oahClyyrAZIYaOhFo7HJUtHTWdTVw==",
      "dependencies": {
        "lodash": "^3.9.3",
        "subjects-utils": "0.0.1",
        "xml-schema": "2.0.0"
      },
      "engines": {
        "node": ">=0.6"
      }
    },
    "node_modules/opds/node_modules/lodash": {
      "version": "3.10.1",
      "resolved": "https://registry.npmjs.org/lodash/-/lodash-3.10.1.tgz",
      "integrity": "sha512-9mDDwqVIma6OZX79ZlDACZl8sBm0TEnkf99zV3iMA4GzkIT/9hiqP5mY0HoT1iNLCrKc/R1HByV+yJfRWVJryQ=="
    },
    "node_modules/sanity": {
      "version": "2.29.3",
      "resolved": "https://registry.npmjs.org/sanity/-/sanity-2.29.3.tgz",
      "integrity": "sha512-k4A4MzAcCp7VzdvnbQQRkmmuQuXL2jsxwmH0fzCU0uyPWi+DZDQFsZKuoxhDscTOHOhRcZh0+z1EIFs4wRbSzg==",
      "dev": true,
      "hasInstallScript": true,
      "engines": {
        "node": ">=12.0.0"
      }
    },
    "node_modules/subjects-utils": {
      "version": "0.0.1",
      "resolved": "https://registry.npmjs.org/subjects-utils/-/subjects-utils-0.0.1.tgz",
      "integrity": "sha512-O5zVnjh6Od/jEvyCghYK/idtOp7/PHbRfFpdob8CnL6raoUHDaL9TkdkhHLWHTXCb12WFNt6mho9VY0tNyYz2g=="
    },
    "node_modules/xml-parser": {
      "version": "1.2.1",
      "resolved": "https://registry.npmjs.org/xml-parser/-/xml-parser-1.2.1.tgz",
      "integrity": "sha512-lPUzzmS0zdwcNtyNndCl2IwH172ozkUDqmfmH3FcuDzHVl552Kr6oNfsvteHabqTWhsrMgpijqZ/yT7Wo1/Pzw==",
      "dependencies": {
        "debug": "^2.2.0"
      }
    },
    "node_modules/xml-schema": {
      "version": "2.0.0",
      "resolved": "https://registry.npmjs.org/xml-schema/-/xml-schema-2.0.0.tgz",
      "integrity": "sha512-/MO7Mt2SnD+u09NbyxQGoR4aJh8LQFVZM1FVRnPixL2b3TfD6P35XF8No5oXnYPG1TpXwQweIn0RotYzNZ1AKQ==",
      "dependencies": {
        "lodash": "^3.9.3",
        "xml-parser": "1.2.1",
        "xmlbuilder": "2.4.5"
      },
      "engines": {
        "node": ">=0.6"
      }
    },
    "node_modules/xml-schema/node_modules/lodash": {
      "version": "3.10.1",
      "resolved": "https://registry.npmjs.org/lodash/-/lodash-3.10.1.tgz",
      "integrity": "sha512-9mDDwqVIma6OZX79ZlDACZl8sBm0TEnkf99zV3iMA4GzkIT/9hiqP5mY0HoT1iNLCrKc/R1HByV+yJfRWVJryQ=="
    },
    "node_modules/xmlbuilder": {
      "version": "2.4.5",
      "resolved": "https://registry.npmjs.org/xmlbuilder/-/xmlbuilder-2.4.5.tgz",
      "integrity": "sha512-m2SEocz5Fx5isWai7NrnB2Fb5i29LwxHB3ZET+k1GhqAkHVTRjR1wjK6pFVceo/IcbVn378ETyO/R4MmqCKCFg==",
      "dependencies": {
        "lodash-node": "~2.4.1"
      },
      "engines": {
        "node": "0.8.x || 0.10.x || 0.11.x"
      }
    }
  },
  "dependencies": {
    "debug": {
      "version": "2.6.9",
      "resolved": "https://registry.npmjs.org/debug/-/debug-2.6.9.tgz",
      "integrity": "sha512-bC7ElrdJaJnPbAP+1EotYvqZsb3ecl5wi6Bfi6BJTUcNowp6cvspg0jXznRTKDjm/E7AdgFBVeAPVMNcKGsHMA==",
      "requires": {
        "ms": "2.0.0"
      }
    },
    "lodash-node": {
      "version": "2.4.1",
      "resolved": "https://registry.npmjs.org/lodash-node/-/lodash-node-2.4.1.tgz",
      "integrity": "sha512-egEt8eNQp2kZWRmngahiqMoDCDCENv3uM188S7Ed5t4k3v6RrLELXC+FqLNMUnhCo7gvQX3G1V8opK/Lcslahg=="
    },
    "ms": {
      "version": "2.0.0",
      "resolved": "https://registry.npmjs.org/ms/-/ms-2.0.0.tgz",
      "integrity": "sha512-Tpp60P6IUJDTuOq/5Z8cdskzJujfwqfOTkrwIwj7IRISpnkJnT6SyJ4PCPnGMoFjC9ddhal5KVIYtAt97ix05A=="
    },
    "opds": {
      "version": "2.0.0",
      "resolved": "https://registry.npmjs.org/opds/-/opds-2.0.0.tgz",
      "integrity": "sha512-YhgVxr6wXwpKGFGj9gpmgfUd8ULdXCy4TCOjSs2cxVimj4xfiJaGUcRu0oahClyyrAZIYaOhFo7HJUtHTWdTVw==",
      "requires": {
        "lodash": "^3.9.3",
        "subjects-utils": "0.0.1",
        "xml-schema": "2.0.0"
      },
      "dependencies": {
        "lodash": {
          "version": "3.10.1",
          "resolved": "https://registry.npmjs.org/lodash/-/lodash-3.10.1.tgz",
          "integrity": "sha512-9mDDwqVIma6OZX79ZlDACZl8sBm0TEnkf99zV3iMA4GzkIT/9hiqP5mY0HoT1iNLCrKc/R1HByV+yJfRWVJryQ=="
        }
      }
    },
    "sanity": {
      "version": "2.29.3",
      "resolved": "https://registry.npmjs.org/sanity/-/sanity-2.29.3.tgz",
      "integrity": "sha512-k4A4MzAcCp7VzdvnbQQRkmmuQuXL2jsxwmH0fzCU0uyPWi+DZDQFsZKuoxhDscTOHOhRcZh0+z1EIFs4wRbSzg==",
      "dev": true
    },
    "subjects-utils": {
      "version": "0.0.1",
      "resolved": "https://registry.npmjs.org/subjects-utils/-/subjects-utils-0.0.1.tgz",
      "integrity": "sha512-O5zVnjh6Od/jEvyCghYK/idtOp7/PHbRfFpdob8CnL6raoUHDaL9TkdkhHLWHTXCb12WFNt6mho9VY0tNyYz2g=="
    },
    "xml-parser": {
      "version": "1.2.1",
      "resolved": "https://registry.npmjs.org/xml-parser/-/xml-parser-1.2.1.tgz",
      "integrity": "sha512-lPUzzmS0zdwcNtyNndCl2IwH172ozkUDqmfmH3FcuDzHVl552Kr6oNfsvteHabqTWhsrMgpijqZ/yT7Wo1/Pzw==",
      "requires": {
        "debug": "^2.2.0"
      }
    },
    "xml-schema": {
      "version": "2.0.0",
      "resolved": "https://registry.npmjs.org/xml-schema/-/xml-schema-2.0.0.tgz",
      "integrity": "sha512-/MO7Mt2SnD+u09NbyxQGoR4aJh8LQFVZM1FVRnPixL2b3TfD6P35XF8No5oXnYPG1TpXwQweIn0RotYzNZ1AKQ==",
      "requires": {
        "lodash": "^3.9.3",
        "xml-parser": "1.2.1",
        "xmlbuilder": "2.4.5"
      },
      "dependencies": {
        "lodash": {
          "version": "3.10.1",
          "resolved": "https://registry.npmjs.org/lodash/-/lodash-3.10.1.tgz",
          "integrity": "sha512-9mDDwqVIma6OZX79ZlDACZl8sBm0TEnkf99zV3iMA4GzkIT/9hiqP5mY0HoT1iNLCrKc/R1HByV+yJfRWVJryQ=="
        }
      }
    },
    "xmlbuilder": {
      "version": "2.4.5",
      "resolved": "https://registry.npmjs.org/xmlbuilder/-/xmlbuilder-2.4.5.tgz",
      "integrity": "sha512-m2SEocz5Fx5isWai7NrnB2Fb5i29LwxHB3ZET+k1GhqAkHVTRjR1wjK6pFVceo/IcbVn378ETyO/R4MmqCKCFg==",
      "requires": {
        "lodash-node": "~2.4.1"
      }
    }
  }
}
